# THIS IS AN AUTOGENERATED FILE. DO NOT EDIT THIS FILE DIRECTLY.
# yarn lockfile v1


"@types/unist@^2.0.0", "@types/unist@^2.0.3":
  version "2.0.3"
  resolved "https://registry.yarnpkg.com/@types/unist/-/unist-2.0.3.tgz#9c088679876f374eb5983f150d4787aa6fb32d7e"
  integrity sha512-FvUupuM3rlRsRtCN+fDudtmytGO6iHJuuRKS1Ss0pG5z8oX0diNEw94UEL7hgDbpN94rgaK5R7sWm6RrSkZuAQ==

unist-util-is@^4.0.0:
  version "4.0.0"
  resolved "https://registry.yarnpkg.com/unist-util-is/-/unist-util-is-4.0.0.tgz#85672993f0d88a8bffb45137aba003ee8da11a38"
  integrity sha512-E5JLUKRQlAYiJmN2PVBdSz01R3rUKRSM00X+0DB/yLqxdLu6wZZkRdTIsxDp9X+bkxh8Eq+O2YYRbZvLZtQT1A==

unist-util-visit-parents@^3.0.0:
  version "3.0.0"
  resolved "https://registry.yarnpkg.com/unist-util-visit-parents/-/unist-util-visit-parents-3.0.0.tgz#dd4cdcd86d505ec7a81bdc01bc790f9def742bee"
  integrity sha512-H3K8d81S4V3XVXVwLvrLGk+R5VILryfUotD06/R/rLsTsPLGjkn6gIP8qEEVITcuIySNYj0ocJLsePjm9F/Vcg==
  dependencies:
    "@types/unist" "^2.0.3"
    unist-util-is "^4.0.0"

unist-util-visit@^2.0.0:
  version "2.0.0"
  resolved "https://registry.yarnpkg.com/unist-util-visit/-/unist-util-visit-2.0.0.tgz#1fdae5ea88251651bfe49b7e84390d664fc227c5"
  integrity sha512-kiTpWKsF54u/78L/UU/i7lxrnqGiEWBgqCpaIZBYP0gwUC+Akq0Ajm4U8JiNIoQNfAioBdsyarnOcTEAb9mLeQ==
  dependencies:
    "@types/unist" "^2.0.0"
    unist-util-is "^4.0.0"
    unist-util-visit-parents "^3.0.0"
